
Microsoft Visual Studio Solution File, Format Version 12.00
# Visual Studio Version 16
VisualStudioVersion = 16.0.31702.278
MinimumVisualStudioVersion = 10.0.40219.1
Project("{FAE04EC0-301F-11D3-BF4B-00C04F79EFBC}") = "Tarea2(Menu_Submenus)", "Tarea2(Menu_Submenus)\Tarea2(Menu_Submenus).csproj", "{598072BE-7D00-4814-8D37-291EECBCDDEF}"
EndProject
Global
	GlobalSection(SolutionConfigurationPlatforms) = preSolution
		Debug|Any CPU = Debug|Any CPU
		Release|Any CPU = Release|Any CPU
	EndGlobalSection
	GlobalSection(ProjectConfigurationPlatforms) = postSolution
		{598072BE-7D00-4814-8D37-291EECBCDDEF}.Debug|Any CPU.ActiveCfg = Debug|Any CPU
		{598072BE-7D00-4814-8D37-291EECBCDDEF}.Debug|Any CPU.Build.0 = Debug|Any CPU
		{598072BE-7D00-4814-8D37-291EECBCDDEF}.Release|Any CPU.ActiveCfg = Release|Any CPU
		{598072BE-7D00-4814-8D37-291EECBCDDEF}.Release|Any CPU.Build.0 = Release|Any CPU
	EndGlobalSection
	GlobalSection(SolutionProperties) = preSolution
		HideSolutionNode = FALSE
	EndGlobalSection
	GlobalSection(ExtensibilityGlobals) = postSolution
		SolutionGuid = {D3B29E9B-F16A-4324-ADD9-C18E645E57FF}
	EndGlobalSection
EndGlobal
